
Microsoft Visual Studio Solution File, Format Version 12.00
# Visual Studio Version 17
VisualStudioVersion = 17.5.002.0
MinimumVisualStudioVersion = 10.0.40219.1
Project("{9A19103F-16F7-4668-BE54-9A1E7A4F7556}") = "EvacuationApp", "EvacuationApp.csproj", "{51B10DFE-459A-4E2B-B7AD-8AC25CAA6598}"
EndProject
Global
	GlobalSection(SolutionConfigurationPlatforms) = preSolution
		Debug|Any CPU = Debug|Any CPU
		Release|Any CPU = Release|Any CPU
	EndGlobalSection
	GlobalSection(ProjectConfigurationPlatforms) = postSolution
		{51B10DFE-459A-4E2B-B7AD-8AC25CAA6598}.Debug|Any CPU.ActiveCfg = Debug|Any CPU
		{51B10DFE-459A-4E2B-B7AD-8AC25CAA6598}.Debug|Any CPU.Build.0 = Debug|Any CPU
		{51B10DFE-459A-4E2B-B7AD-8AC25CAA6598}.Release|Any CPU.ActiveCfg = Release|Any CPU
		{51B10DFE-459A-4E2B-B7AD-8AC25CAA6598}.Release|Any CPU.Build.0 = Release|Any CPU
	EndGlobalSection
	GlobalSection(SolutionProperties) = preSolution
		HideSolutionNode = FALSE
	EndGlobalSection
	GlobalSection(ExtensibilityGlobals) = postSolution
		SolutionGuid = {2798C12F-AF6D-4DE1-9C84-25D1278B872E}
	EndGlobalSection
EndGlobal
