
Microsoft Visual Studio Solution File, Format Version 12.00
# Visual Studio Version 17
VisualStudioVersion = 17.0.31903.59
MinimumVisualStudioVersion = 10.0.40219.1
Project("{FAE04EC0-301F-11D3-BF4B-00C04F79EFBC}") = "OrangeTreeSim", "OrangeTreeSim\OrangeTreeSim.csproj", "{33786DC8-3AC3-4ED1-AC49-9447DB9BA7EB}"
EndProject
Project("{FAE04EC0-301F-11D3-BF4B-00C04F79EFBC}") = "OrangeTreeTests", "OrangeTreeTests\OrangeTreeTests.csproj", "{3838E580-1BB0-4226-A2D3-7BBC7F9C6458}"
EndProject
Global
	GlobalSection(SolutionConfigurationPlatforms) = preSolution
		Debug|Any CPU = Debug|Any CPU
		Release|Any CPU = Release|Any CPU
	EndGlobalSection
	GlobalSection(SolutionProperties) = preSolution
		HideSolutionNode = FALSE
	EndGlobalSection
	GlobalSection(ProjectConfigurationPlatforms) = postSolution
		{33786DC8-3AC3-4ED1-AC49-9447DB9BA7EB}.Debug|Any CPU.ActiveCfg = Debug|Any CPU
		{33786DC8-3AC3-4ED1-AC49-9447DB9BA7EB}.Debug|Any CPU.Build.0 = Debug|Any CPU
		{33786DC8-3AC3-4ED1-AC49-9447DB9BA7EB}.Release|Any CPU.ActiveCfg = Release|Any CPU
		{33786DC8-3AC3-4ED1-AC49-9447DB9BA7EB}.Release|Any CPU.Build.0 = Release|Any CPU
		{3838E580-1BB0-4226-A2D3-7BBC7F9C6458}.Debug|Any CPU.ActiveCfg = Debug|Any CPU
		{3838E580-1BB0-4226-A2D3-7BBC7F9C6458}.Debug|Any CPU.Build.0 = Debug|Any CPU
		{3838E580-1BB0-4226-A2D3-7BBC7F9C6458}.Release|Any CPU.ActiveCfg = Release|Any CPU
		{3838E580-1BB0-4226-A2D3-7BBC7F9C6458}.Release|Any CPU.Build.0 = Release|Any CPU
	EndGlobalSection
EndGlobal
