
Microsoft Visual Studio Solution File, Format Version 12.00
# Visual Studio Version 17
VisualStudioVersion = 17.5.002.0
MinimumVisualStudioVersion = 10.0.40219.1
Project("{9A19103F-16F7-4668-BE54-9A1E7A4F7556}") = "LysApp", "LysApp\LysApp.csproj", "{D604387E-7807-44A6-ABBF-A57930A8891E}"
EndProject
Project("{9A19103F-16F7-4668-BE54-9A1E7A4F7556}") = "LysAppTests", "LysAppTests\LysAppTests.csproj", "{651AB9B0-8979-4C6A-9EB9-929EB8E2BB5C}"
EndProject
Global
	GlobalSection(SolutionConfigurationPlatforms) = preSolution
		Debug|Any CPU = Debug|Any CPU
		Release|Any CPU = Release|Any CPU
	EndGlobalSection
	GlobalSection(ProjectConfigurationPlatforms) = postSolution
		{D604387E-7807-44A6-ABBF-A57930A8891E}.Debug|Any CPU.ActiveCfg = Debug|Any CPU
		{D604387E-7807-44A6-ABBF-A57930A8891E}.Debug|Any CPU.Build.0 = Debug|Any CPU
		{D604387E-7807-44A6-ABBF-A57930A8891E}.Release|Any CPU.ActiveCfg = Release|Any CPU
		{D604387E-7807-44A6-ABBF-A57930A8891E}.Release|Any CPU.Build.0 = Release|Any CPU
		{651AB9B0-8979-4C6A-9EB9-929EB8E2BB5C}.Debug|Any CPU.ActiveCfg = Debug|Any CPU
		{651AB9B0-8979-4C6A-9EB9-929EB8E2BB5C}.Debug|Any CPU.Build.0 = Debug|Any CPU
		{651AB9B0-8979-4C6A-9EB9-929EB8E2BB5C}.Release|Any CPU.ActiveCfg = Release|Any CPU
		{651AB9B0-8979-4C6A-9EB9-929EB8E2BB5C}.Release|Any CPU.Build.0 = Release|Any CPU
	EndGlobalSection
	GlobalSection(SolutionProperties) = preSolution
		HideSolutionNode = FALSE
	EndGlobalSection
	GlobalSection(ExtensibilityGlobals) = postSolution
		SolutionGuid = {85CA6316-4B6D-4EE5-A27C-D73A4039A7F6}
	EndGlobalSection
EndGlobal
